uuid: dccd992e-6602-4ea1-828d-4f4601e9a147
langcode: ru
status: true
dependencies:
  config:
    - views.view.who_s_online
  module:
    - views
  theme:
    - extra
id: extra_views_block__who_s_online_who_s_online_block
theme: extra
region: sidebar_first
weight: -3
provider: null
plugin: 'views_block:who_s_online-who_s_online_block'
settings:
  id: 'views_block:who_s_online-who_s_online_block'
  label: ''
  provider: views
  label_display: visible
  views_label: ''
  items_per_page: '5'
visibility: {  }
