uuid: 71d25bf7-973d-45c8-af88-994b7eb74a0c
langcode: ru
status: true
dependencies:
  config:
    - views.view.who_s_online
  module:
    - views
  theme:
    - startupgrowth_lite
id: views_block__who_s_online_who_s_online_block
theme: startupgrowth_lite
region: sidebar_first
weight: -3
provider: null
plugin: 'views_block:who_s_online-who_s_online_block'
settings:
  id: 'views_block:who_s_online-who_s_online_block'
  label: ''
  provider: views
  label_display: visible
  views_label: ''
  items_per_page: '5'
visibility: {  }
